
Microsoft Visual Studio Solution File, Format Version 12.00
# Visual Studio Version 17
VisualStudioVersion = 17.0.32014.148
MinimumVisualStudioVersion = 10.0.40219.1
Project("{9A19103F-16F7-4668-BE54-9A1E7A4F7556}") = "ToDo", "ToDo.csproj", "{F2ED90A2-D0DF-4A1A-9241-85D64979F4D3}"
EndProject
Global
	GlobalSection(SolutionConfigurationPlatforms) = preSolution
		Debug|Any CPU = Debug|Any CPU
		Release|Any CPU = Release|Any CPU
	EndGlobalSection
	GlobalSection(ProjectConfigurationPlatforms) = postSolution
		{F2ED90A2-D0DF-4A1A-9241-85D64979F4D3}.Debug|Any CPU.ActiveCfg = Debug|Any CPU
		{F2ED90A2-D0DF-4A1A-9241-85D64979F4D3}.Debug|Any CPU.Build.0 = Debug|Any CPU
		{F2ED90A2-D0DF-4A1A-9241-85D64979F4D3}.Release|Any CPU.ActiveCfg = Release|Any CPU
		{F2ED90A2-D0DF-4A1A-9241-85D64979F4D3}.Release|Any CPU.Build.0 = Release|Any CPU
	EndGlobalSection
	GlobalSection(SolutionProperties) = preSolution
		HideSolutionNode = FALSE
	EndGlobalSection
	GlobalSection(ExtensibilityGlobals) = postSolution
		SolutionGuid = {7657170A-B660-4CC5-829D-4F3DC24832F5}
	EndGlobalSection
EndGlobal
